
Microsoft Visual Studio Solution File, Format Version 12.00
# Visual Studio Version 17
VisualStudioVersion = 17.3.32811.315
MinimumVisualStudioVersion = 10.0.40219.1
Project("{8BC9CEB8-8B4A-11D0-8D11-00A0C91BC942}") = "TD1_Second_Project", "TD1_Second_Project.vcxproj", "{180D43AF-C7E1-41E7-B6BE-14D29826E940}"
EndProject
Global
	GlobalSection(SolutionConfigurationPlatforms) = preSolution
		Debug|x64 = Debug|x64
		Release|x64 = Release|x64
	EndGlobalSection
	GlobalSection(ProjectConfigurationPlatforms) = postSolution
		{180D43AF-C7E1-41E7-B6BE-14D29826E940}.Debug|x64.ActiveCfg = Debug|x64
		{180D43AF-C7E1-41E7-B6BE-14D29826E940}.Debug|x64.Build.0 = Debug|x64
		{180D43AF-C7E1-41E7-B6BE-14D29826E940}.Release|x64.ActiveCfg = Release|x64
		{180D43AF-C7E1-41E7-B6BE-14D29826E940}.Release|x64.Build.0 = Release|x64
	EndGlobalSection
	GlobalSection(SolutionProperties) = preSolution
		HideSolutionNode = FALSE
	EndGlobalSection
	GlobalSection(ExtensibilityGlobals) = postSolution
		SolutionGuid = {7278A6F9-0F08-483C-8BB0-89DC85CF5B6E}
	EndGlobalSection
EndGlobal
